
Microsoft Visual Studio Solution File, Format Version 11.00
# Visual Studio 2010
Project("{FAE04EC0-301F-11D3-BF4B-00C04F79EFBC}") = "Boycott", "Boycott\Boycott.csproj", "{1737C222-CAEF-4419-9749-7D673BFFE413}"
EndProject
Project("{FAE04EC0-301F-11D3-BF4B-00C04F79EFBC}") = "Boycott.Test", "Boycott.Test\Boycott.Test.csproj", "{60F11095-EB47-4901-B55B-31EC415C1473}"
EndProject
Project("{FAE04EC0-301F-11D3-BF4B-00C04F79EFBC}") = "Boycott.Console", "Boycott.Console\Boycott.Console.csproj", "{3050BD37-7ECD-49D0-A9C0-CDE984E2EDB8}"
EndProject
Global
	GlobalSection(SolutionConfigurationPlatforms) = preSolution
		Debug|Any CPU = Debug|Any CPU
		Release|Any CPU = Release|Any CPU
	EndGlobalSection
	GlobalSection(ProjectConfigurationPlatforms) = postSolution
		{1737C222-CAEF-4419-9749-7D673BFFE413}.Debug|Any CPU.ActiveCfg = Debug|Any CPU
		{1737C222-CAEF-4419-9749-7D673BFFE413}.Debug|Any CPU.Build.0 = Debug|Any CPU
		{1737C222-CAEF-4419-9749-7D673BFFE413}.Release|Any CPU.ActiveCfg = Release|Any CPU
		{1737C222-CAEF-4419-9749-7D673BFFE413}.Release|Any CPU.Build.0 = Release|Any CPU
		{3050BD37-7ECD-49D0-A9C0-CDE984E2EDB8}.Debug|Any CPU.ActiveCfg = Debug|Any CPU
		{3050BD37-7ECD-49D0-A9C0-CDE984E2EDB8}.Debug|Any CPU.Build.0 = Debug|Any CPU
		{3050BD37-7ECD-49D0-A9C0-CDE984E2EDB8}.Release|Any CPU.ActiveCfg = Release|Any CPU
		{3050BD37-7ECD-49D0-A9C0-CDE984E2EDB8}.Release|Any CPU.Build.0 = Release|Any CPU
		{60F11095-EB47-4901-B55B-31EC415C1473}.Debug|Any CPU.ActiveCfg = Debug|Any CPU
		{60F11095-EB47-4901-B55B-31EC415C1473}.Debug|Any CPU.Build.0 = Debug|Any CPU
		{60F11095-EB47-4901-B55B-31EC415C1473}.Release|Any CPU.ActiveCfg = Release|Any CPU
		{60F11095-EB47-4901-B55B-31EC415C1473}.Release|Any CPU.Build.0 = Release|Any CPU
	EndGlobalSection
	GlobalSection(MonoDevelopProperties) = preSolution
		StartupItem = Boycott\Boycott.csproj
		Policies = $0
		$0.TextStylePolicy = $1
		$1.FileWidth = 120
		$1.RemoveTrailingWhitespace = True
		$1.EolMarker = Unix
		$1.inheritsSet = VisualStudio
		$1.inheritsScope = text/plain
		$1.scope = text/x-csharp
		$0.CSharpFormattingPolicy = $2
		$2.IndentSwitchBody = True
		$2.NamespaceBraceStyle = EndOfLine
		$2.ClassBraceStyle = EndOfLine
		$2.InterfaceBraceStyle = EndOfLine
		$2.StructBraceStyle = EndOfLine
		$2.EnumBraceStyle = EndOfLine
		$2.MethodBraceStyle = EndOfLine
		$2.ConstructorBraceStyle = EndOfLine
		$2.DestructorBraceStyle = EndOfLine
		$2.BeforeMethodCallParentheses = False
		$2.BeforeMethodDeclarationParentheses = False
		$2.BeforeConstructorDeclarationParentheses = False
		$2.BeforeDelegateDeclarationParentheses = False
		$2.NewParentheses = False
		$2.inheritsSet = Mono
		$2.inheritsScope = text/x-csharp
		$2.scope = text/x-csharp
		$0.TextStylePolicy = $3
		$3.FileWidth = 120
		$3.TabWidth = 4
		$3.inheritsSet = Mono
		$3.inheritsScope = text/plain
		$3.scope = text/plain
		$0.StandardHeader = $4
		$4.Text = 
		$4.inheritsSet = Apache2License
	EndGlobalSection
	GlobalSection(SolutionProperties) = preSolution
		HideSolutionNode = FALSE
	EndGlobalSection
EndGlobal
